
Microsoft Visual Studio Solution File, Format Version 12.00
# Visual Studio Version 17
VisualStudioVersion = 17.8.34511.84
MinimumVisualStudioVersion = 10.0.40219.1
Project("{FAE04EC0-301F-11D3-BF4B-00C04F79EFBC}") = "RealTimeChat.Server", "RealTimeChat\Server\RealTimeChat.Server.csproj", "{F9923FCB-16D1-41F1-8D76-113D06177D58}"
EndProject
Project("{FAE04EC0-301F-11D3-BF4B-00C04F79EFBC}") = "RealTimeChat.Client", "RealTimeChat\Client\RealTimeChat.Client.csproj", "{4F9F0117-744D-47FB-8799-E9A37F9CF5AE}"
EndProject
Project("{FAE04EC0-301F-11D3-BF4B-00C04F79EFBC}") = "RealTimeChat.Shared", "RealTimeChat\Shared\RealTimeChat.Shared.csproj", "{5EA9AE10-2600-4A93-A1DA-DDF9DAEB53EC}"
EndProject
Global
	GlobalSection(SolutionConfigurationPlatforms) = preSolution
		Debug|Any CPU = Debug|Any CPU
		Release|Any CPU = Release|Any CPU
	EndGlobalSection
	GlobalSection(ProjectConfigurationPlatforms) = postSolution
		{F9923FCB-16D1-41F1-8D76-113D06177D58}.Debug|Any CPU.ActiveCfg = Debug|Any CPU
		{F9923FCB-16D1-41F1-8D76-113D06177D58}.Debug|Any CPU.Build.0 = Debug|Any CPU
		{F9923FCB-16D1-41F1-8D76-113D06177D58}.Release|Any CPU.ActiveCfg = Release|Any CPU
		{F9923FCB-16D1-41F1-8D76-113D06177D58}.Release|Any CPU.Build.0 = Release|Any CPU
		{4F9F0117-744D-47FB-8799-E9A37F9CF5AE}.Debug|Any CPU.ActiveCfg = Debug|Any CPU
		{4F9F0117-744D-47FB-8799-E9A37F9CF5AE}.Debug|Any CPU.Build.0 = Debug|Any CPU
		{4F9F0117-744D-47FB-8799-E9A37F9CF5AE}.Release|Any CPU.ActiveCfg = Release|Any CPU
		{4F9F0117-744D-47FB-8799-E9A37F9CF5AE}.Release|Any CPU.Build.0 = Release|Any CPU
		{5EA9AE10-2600-4A93-A1DA-DDF9DAEB53EC}.Debug|Any CPU.ActiveCfg = Debug|Any CPU
		{5EA9AE10-2600-4A93-A1DA-DDF9DAEB53EC}.Debug|Any CPU.Build.0 = Debug|Any CPU
		{5EA9AE10-2600-4A93-A1DA-DDF9DAEB53EC}.Release|Any CPU.ActiveCfg = Release|Any CPU
		{5EA9AE10-2600-4A93-A1DA-DDF9DAEB53EC}.Release|Any CPU.Build.0 = Release|Any CPU
	EndGlobalSection
	GlobalSection(SolutionProperties) = preSolution
		HideSolutionNode = FALSE
	EndGlobalSection
	GlobalSection(ExtensibilityGlobals) = postSolution
		SolutionGuid = {C1F4EB08-B2D6-45FD-B6FB-658E1DE158BE}
	EndGlobalSection
EndGlobal
